
Microsoft Visual Studio Solution File, Format Version 12.00
# Visual Studio Version 16
VisualStudioVersion = 16.0.31729.503
MinimumVisualStudioVersion = 10.0.40219.1
Project("{FAE04EC0-301F-11D3-BF4B-00C04F79EFBC}") = "Calculator", "Calculator\Calculator.csproj", "{FC8B4D8C-78E0-4B7D-A39D-30AD45A4C867}"
EndProject
Global
	GlobalSection(SolutionConfigurationPlatforms) = preSolution
		Debug|Any CPU = Debug|Any CPU
		Release|Any CPU = Release|Any CPU
	EndGlobalSection
	GlobalSection(ProjectConfigurationPlatforms) = postSolution
		{FC8B4D8C-78E0-4B7D-A39D-30AD45A4C867}.Debug|Any CPU.ActiveCfg = Debug|Any CPU
		{FC8B4D8C-78E0-4B7D-A39D-30AD45A4C867}.Debug|Any CPU.Build.0 = Debug|Any CPU
		{FC8B4D8C-78E0-4B7D-A39D-30AD45A4C867}.Release|Any CPU.ActiveCfg = Release|Any CPU
		{FC8B4D8C-78E0-4B7D-A39D-30AD45A4C867}.Release|Any CPU.Build.0 = Release|Any CPU
	EndGlobalSection
	GlobalSection(SolutionProperties) = preSolution
		HideSolutionNode = FALSE
	EndGlobalSection
	GlobalSection(ExtensibilityGlobals) = postSolution
		SolutionGuid = {8EA8CE39-ED59-4F97-A98B-F2A7D37456AE}
	EndGlobalSection
EndGlobal
